
Microsoft Visual Studio Solution File, Format Version 12.00
# Visual Studio Version 16
VisualStudioVersion = 16.0.30517.126
MinimumVisualStudioVersion = 10.0.40219.1
Project("{FAE04EC0-301F-11D3-BF4B-00C04F79EFBC}") = "ColorFold", "ColorFold\ColorFold.csproj", "{1122D731-8913-4BF4-970B-710BBA5F8246}"
EndProject
Global
	GlobalSection(SolutionConfigurationPlatforms) = preSolution
		Debug|Any CPU = Debug|Any CPU
		Release|Any CPU = Release|Any CPU
	EndGlobalSection
	GlobalSection(ProjectConfigurationPlatforms) = postSolution
		{1122D731-8913-4BF4-970B-710BBA5F8246}.Debug|Any CPU.ActiveCfg = Debug|Any CPU
		{1122D731-8913-4BF4-970B-710BBA5F8246}.Debug|Any CPU.Build.0 = Debug|Any CPU
		{1122D731-8913-4BF4-970B-710BBA5F8246}.Release|Any CPU.ActiveCfg = Release|Any CPU
		{1122D731-8913-4BF4-970B-710BBA5F8246}.Release|Any CPU.Build.0 = Release|Any CPU
	EndGlobalSection
	GlobalSection(SolutionProperties) = preSolution
		HideSolutionNode = FALSE
	EndGlobalSection
	GlobalSection(ExtensibilityGlobals) = postSolution
		SolutionGuid = {05454272-E2BA-401B-B78B-F3A04A5BBAFA}
	EndGlobalSection
EndGlobal
